// !$*UTF8*$!
{
	archiveVersion = 1;
	classes = {
	};
	objectVersion = 55;
	objects = {

/* Begin PBXBuildFile section */
		C28D5CD4275611C600020107 /* AppDelegate.swift in Sources */ = {isa = PBXBuildFile; fileRef = C28D5CD3275611C600020107 /* AppDelegate.swift */; };
		C28D5CD6275611C600020107 /* SceneDelegate.swift in Sources */ = {isa = PBXBuildFile; fileRef = C28D5CD5275611C600020107 /* SceneDelegate.swift */; };
		C28D5CD8275611C600020107 /* SearchViewController.swift in Sources */ = {isa = PBXBuildFile; fileRef = C28D5CD7275611C600020107 /* SearchViewController.swift */; };
		C28D5CDB275611C600020107 /* Main.storyboard in Resources */ = {isa = PBXBuildFile; fileRef = C28D5CD9275611C600020107 /* Main.storyboard */; };
		C28D5CDD275611C700020107 /* Assets.xcassets in Resources */ = {isa = PBXBuildFile; fileRef = C28D5CDC275611C700020107 /* Assets.xcassets */; };
		C28D5CE0275611C700020107 /* LaunchScreen.storyboard in Resources */ = {isa = PBXBuildFile; fileRef = C28D5CDE275611C700020107 /* LaunchScreen.storyboard */; };
		C28D5CEE275619F600020107 /* NetworkManager.swift in Sources */ = {isa = PBXBuildFile; fileRef = C28D5CED275619F600020107 /* NetworkManager.swift */; };
		C28D5CF027561A5D00020107 /* University.swift in Sources */ = {isa = PBXBuildFile; fileRef = C28D5CEF27561A5D00020107 /* University.swift */; };
		C28D5CF227561EBA00020107 /* UniversitiesViewController.swift in Sources */ = {isa = PBXBuildFile; fileRef = C28D5CF127561EBA00020107 /* UniversitiesViewController.swift */; };
		C28D5CF427561EE800020107 /* StudentsViewController.swift in Sources */ = {isa = PBXBuildFile; fileRef = C28D5CF327561EE800020107 /* StudentsViewController.swift */; };
		C28D5CF627563E6D00020107 /* Student.swift in Sources */ = {isa = PBXBuildFile; fileRef = C28D5CF527563E6D00020107 /* Student.swift */; };
		C28D5CF82756686500020107 /* StudentDetailedViewController.swift in Sources */ = {isa = PBXBuildFile; fileRef = C28D5CF72756686500020107 /* StudentDetailedViewController.swift */; };
		C90071D2F151A81E27863110 /* Pods_Universities.framework in Frameworks */ = {isa = PBXBuildFile; fileRef = 9C654CC51BA54CD47A51A099 /* Pods_Universities.framework */; };
/* End PBXBuildFile section */

/* Begin PBXFileReference section */
		2FB6FA6C8B3F87F6B7123E21 /* Pods-Universities.release.xcconfig */ = {isa = PBXFileReference; includeInIndex = 1; lastKnownFileType = text.xcconfig; name = "Pods-Universities.release.xcconfig"; path = "Target Support Files/Pods-Universities/Pods-Universities.release.xcconfig"; sourceTree = "<group>"; };
		76A09353AD6ECCCDF245B9E3 /* Pods-Universities.debug.xcconfig */ = {isa = PBXFileReference; includeInIndex = 1; lastKnownFileType = text.xcconfig; name = "Pods-Universities.debug.xcconfig"; path = "Target Support Files/Pods-Universities/Pods-Universities.debug.xcconfig"; sourceTree = "<group>"; };
		9C654CC51BA54CD47A51A099 /* Pods_Universities.framework */ = {isa = PBXFileReference; explicitFileType = wrapper.framework; includeInIndex = 0; path = Pods_Universities.framework; sourceTree = BUILT_PRODUCTS_DIR; };
		C28D5CD0275611C600020107 /* Universities.app */ = {isa = PBXFileReference; explicitFileType = wrapper.application; includeInIndex = 0; path = Universities.app; sourceTree = BUILT_PRODUCTS_DIR; };
		C28D5CD3275611C600020107 /* AppDelegate.swift */ = {isa = PBXFileReference; lastKnownFileType = sourcecode.swift; path = AppDelegate.swift; sourceTree = "<group>"; };
		C28D5CD5275611C600020107 /* SceneDelegate.swift */ = {isa = PBXFileReference; lastKnownFileType = sourcecode.swift; path = SceneDelegate.swift; sourceTree = "<group>"; };
		C28D5CD7275611C600020107 /* SearchViewController.swift */ = {isa = PBXFileReference; lastKnownFileType = sourcecode.swift; path = SearchViewController.swift; sourceTree = "<group>"; };
		C28D5CDA275611C600020107 /* Base */ = {isa = PBXFileReference; lastKnownFileType = file.storyboard; name = Base; path = Base.lproj/Main.storyboard; sourceTree = "<group>"; };
		C28D5CDC275611C700020107 /* Assets.xcassets */ = {isa = PBXFileReference; lastKnownFileType = folder.assetcatalog; path = Assets.xcassets; sourceTree = "<group>"; };
		C28D5CDF275611C700020107 /* Base */ = {isa = PBXFileReference; lastKnownFileType = file.storyboard; name = Base; path = Base.lproj/LaunchScreen.storyboard; sourceTree = "<group>"; };
		C28D5CE1275611C700020107 /* Info.plist */ = {isa = PBXFileReference; lastKnownFileType = text.plist.xml; path = Info.plist; sourceTree = "<group>"; };
		C28D5CED275619F600020107 /* NetworkManager.swift */ = {isa = PBXFileReference; lastKnownFileType = sourcecode.swift; path = NetworkManager.swift; sourceTree = "<group>"; };
		C28D5CEF27561A5D00020107 /* University.swift */ = {isa = PBXFileReference; lastKnownFileType = sourcecode.swift; path = University.swift; sourceTree = "<group>"; };
		C28D5CF127561EBA00020107 /* UniversitiesViewController.swift */ = {isa = PBXFileReference; lastKnownFileType = sourcecode.swift; path = UniversitiesViewController.swift; sourceTree = "<group>"; };
		C28D5CF327561EE800020107 /* StudentsViewController.swift */ = {isa = PBXFileReference; lastKnownFileType = sourcecode.swift; path = StudentsViewController.swift; sourceTree = "<group>"; };
		C28D5CF527563E6D00020107 /* Student.swift */ = {isa = PBXFileReference; lastKnownFileType = sourcecode.swift; path = Student.swift; sourceTree = "<group>"; };
		C28D5CF72756686500020107 /* StudentDetailedViewController.swift */ = {isa = PBXFileReference; lastKnownFileType = sourcecode.swift; path = StudentDetailedViewController.swift; sourceTree = "<group>"; };
/* End PBXFileReference section */

/* Begin PBXFrameworksBuildPhase section */
		C28D5CCD275611C600020107 /* Frameworks */ = {
			isa = PBXFrameworksBuildPhase;
			buildActionMask = 2147483647;
			files = (
				C90071D2F151A81E27863110 /* Pods_Universities.framework in Frameworks */,
			);
			runOnlyForDeploymentPostprocessing = 0;
		};
/* End PBXFrameworksBuildPhase section */

/* Begin PBXGroup section */
		216C2DFCA28174C4D7BBFA77 /* Frameworks */ = {
			isa = PBXGroup;
			children = (
				9C654CC51BA54CD47A51A099 /* Pods_Universities.framework */,
			);
			name = Frameworks;
			sourceTree = "<group>";
		};
		5F6E2D5A238ACFFCE917D95C /* Pods */ = {
			isa = PBXGroup;
			children = (
				76A09353AD6ECCCDF245B9E3 /* Pods-Universities.debug.xcconfig */,
				2FB6FA6C8B3F87F6B7123E21 /* Pods-Universities.release.xcconfig */,
			);
			path = Pods;
			sourceTree = "<group>";
		};
		C28D5CC7275611C600020107 = {
			isa = PBXGroup;
			children = (
				C28D5CD2275611C600020107 /* Universities */,
				C28D5CD1275611C600020107 /* Products */,
				5F6E2D5A238ACFFCE917D95C /* Pods */,
				216C2DFCA28174C4D7BBFA77 /* Frameworks */,
			);
			sourceTree = "<group>";
		};
		C28D5CD1275611C600020107 /* Products */ = {
			isa = PBXGroup;
			children = (
				C28D5CD0275611C600020107 /* Universities.app */,
			);
			name = Products;
			sourceTree = "<group>";
		};
		C28D5CD2275611C600020107 /* Universities */ = {
			isa = PBXGroup;
			children = (
				C28D5CEB2756122800020107 /* Configs */,
				C28D5CEA2756122000020107 /* Models */,
				C28D5CEC2756123C00020107 /* Storyboards */,
				C28D5CE82756120C00020107 /* ViewControllers */,
				C28D5CE72756120300020107 /* Services */,
				C28D5CDC275611C700020107 /* Assets.xcassets */,
				C28D5CE1275611C700020107 /* Info.plist */,
			);
			path = Universities;
			sourceTree = "<group>";
		};
		C28D5CE72756120300020107 /* Services */ = {
			isa = PBXGroup;
			children = (
				C28D5CED275619F600020107 /* NetworkManager.swift */,
			);
			path = Services;
			sourceTree = "<group>";
		};
		C28D5CE82756120C00020107 /* ViewControllers */ = {
			isa = PBXGroup;
			children = (
				C28D5CD7275611C600020107 /* SearchViewController.swift */,
				C28D5CF127561EBA00020107 /* UniversitiesViewController.swift */,
				C28D5CF327561EE800020107 /* StudentsViewController.swift */,
				C28D5CF72756686500020107 /* StudentDetailedViewController.swift */,
			);
			path = ViewControllers;
			sourceTree = "<group>";
		};
		C28D5CEA2756122000020107 /* Models */ = {
			isa = PBXGroup;
			children = (
				C28D5CEF27561A5D00020107 /* University.swift */,
				C28D5CF527563E6D00020107 /* Student.swift */,
			);
			path = Models;
			sourceTree = "<group>";
		};
		C28D5CEB2756122800020107 /* Configs */ = {
			isa = PBXGroup;
			children = (
				C28D5CD3275611C600020107 /* AppDelegate.swift */,
				C28D5CD5275611C600020107 /* SceneDelegate.swift */,
			);
			path = Configs;
			sourceTree = "<group>";
		};
		C28D5CEC2756123C00020107 /* Storyboards */ = {
			isa = PBXGroup;
			children = (
				C28D5CD9275611C600020107 /* Main.storyboard */,
				C28D5CDE275611C700020107 /* LaunchScreen.storyboard */,
			);
			path = Storyboards;
			sourceTree = "<group>";
		};
/* End PBXGroup section */

/* Begin PBXNativeTarget section */
		C28D5CCF275611C600020107 /* Universities */ = {
			isa = PBXNativeTarget;
			buildConfigurationList = C28D5CE4275611C700020107 /* Build configuration list for PBXNativeTarget "Universities" */;
			buildPhases = (
				B51C7895994E1689936E19FC /* [CP] Check Pods Manifest.lock */,
				C28D5CCC275611C600020107 /* Sources */,
				C28D5CCD275611C600020107 /* Frameworks */,
				C28D5CCE275611C600020107 /* Resources */,
				9DFB217E786E84E3496EF391 /* [CP] Embed Pods Frameworks */,
			);
			buildRules = (
			);
			dependencies = (
			);
			name = Universities;
			productName = Universities;
			productReference = C28D5CD0275611C600020107 /* Universities.app */;
			productType = "com.apple.product-type.application";
		};
/* End PBXNativeTarget section */

/* Begin PBXProject section */
		C28D5CC8275611C600020107 /* Project object */ = {
			isa = PBXProject;
			attributes = {
				BuildIndependentTargetsInParallel = 1;
				LastSwiftUpdateCheck = 1310;
				LastUpgradeCheck = 1310;
				TargetAttributes = {
					C28D5CCF275611C600020107 = {
						CreatedOnToolsVersion = 13.1;
					};
				};
			};
			buildConfigurationList = C28D5CCB275611C600020107 /* Build configuration list for PBXProject "Universities" */;
			compatibilityVersion = "Xcode 13.0";
			developmentRegion = en;
			hasScannedForEncodings = 0;
			knownRegions = (
				en,
				Base,
			);
			mainGroup = C28D5CC7275611C600020107;
			productRefGroup = C28D5CD1275611C600020107 /* Products */;
			projectDirPath = "";
			projectRoot = "";
			targets = (
				C28D5CCF275611C600020107 /* Universities */,
			);
		};
/* End PBXProject section */

/* Begin PBXResourcesBuildPhase section */
		C28D5CCE275611C600020107 /* Resources */ = {
			isa = PBXResourcesBuildPhase;
			buildActionMask = 2147483647;
			files = (
				C28D5CE0275611C700020107 /* LaunchScreen.storyboard in Resources */,
				C28D5CDD275611C700020107 /* Assets.xcassets in Resources */,
				C28D5CDB275611C600020107 /* Main.storyboard in Resources */,
			);
			runOnlyForDeploymentPostprocessing = 0;
		};
/* End PBXResourcesBuildPhase section */

/* Begin PBXShellScriptBuildPhase section */
		9DFB217E786E84E3496EF391 /* [CP] Embed Pods Frameworks */ = {
			isa = PBXShellScriptBuildPhase;
			buildActionMask = 2147483647;
			files = (
			);
			inputFileListPaths = (
				"${PODS_ROOT}/Target Support Files/Pods-Universities/Pods-Universities-frameworks-${CONFIGURATION}-input-files.xcfilelist",
			);
			name = "[CP] Embed Pods Frameworks";
			outputFileListPaths = (
				"${PODS_ROOT}/Target Support Files/Pods-Universities/Pods-Universities-frameworks-${CONFIGURATION}-output-files.xcfilelist",
			);
			runOnlyForDeploymentPostprocessing = 0;
			shellPath = /bin/sh;
			shellScript = "\"${PODS_ROOT}/Target Support Files/Pods-Universities/Pods-Universities-frameworks.sh\"\n";
			showEnvVarsInLog = 0;
		};
		B51C7895994E1689936E19FC /* [CP] Check Pods Manifest.lock */ = {
			isa = PBXShellScriptBuildPhase;
			buildActionMask = 2147483647;
			files = (
			);
			inputFileListPaths = (
			);
			inputPaths = (
				"${PODS_PODFILE_DIR_PATH}/Podfile.lock",
				"${PODS_ROOT}/Manifest.lock",
			);
			name = "[CP] Check Pods Manifest.lock";
			outputFileListPaths = (
			);
			outputPaths = (
				"$(DERIVED_FILE_DIR)/Pods-Universities-checkManifestLockResult.txt",
			);
			runOnlyForDeploymentPostprocessing = 0;
			shellPath = /bin/sh;
			shellScript = "diff \"${PODS_PODFILE_DIR_PATH}/Podfile.lock\" \"${PODS_ROOT}/Manifest.lock\" > /dev/null\nif [ $? != 0 ] ; then\n    # print error to STDERR\n    echo \"error: The sandbox is not in sync with the Podfile.lock. Run 'pod install' or update your CocoaPods installation.\" >&2\n    exit 1\nfi\n# This output is used by Xcode 'outputs' to avoid re-running this script phase.\necho \"SUCCESS\" > \"${SCRIPT_OUTPUT_FILE_0}\"\n";
			showEnvVarsInLog = 0;
		};
/* End PBXShellScriptBuildPhase section */

/* Begin PBXSourcesBuildPhase section */
		C28D5CCC275611C600020107 /* Sources */ = {
			isa = PBXSourcesBuildPhase;
			buildActionMask = 2147483647;
			files = (
				C28D5CEE275619F600020107 /* NetworkManager.swift in Sources */,
				C28D5CD8275611C600020107 /* SearchViewController.swift in Sources */,
				C28D5CD4275611C600020107 /* AppDelegate.swift in Sources */,
				C28D5CF82756686500020107 /* StudentDetailedViewController.swift in Sources */,
				C28D5CD6275611C600020107 /* SceneDelegate.swift in Sources */,
				C28D5CF027561A5D00020107 /* University.swift in Sources */,
				C28D5CF427561EE800020107 /* StudentsViewController.swift in Sources */,
				C28D5CF227561EBA00020107 /* UniversitiesViewController.swift in Sources */,
				C28D5CF627563E6D00020107 /* Student.swift in Sources */,
			);
			runOnlyForDeploymentPostprocessing = 0;
		};
/* End PBXSourcesBuildPhase section */

/* Begin PBXVariantGroup section */
		C28D5CD9275611C600020107 /* Main.storyboard */ = {
			isa = PBXVariantGroup;
			children = (
				C28D5CDA275611C600020107 /* Base */,
			);
			name = Main.storyboard;
			sourceTree = "<group>";
		};
		C28D5CDE275611C700020107 /* LaunchScreen.storyboard */ = {
			isa = PBXVariantGroup;
			children = (
				C28D5CDF275611C700020107 /* Base */,
			);
			name = LaunchScreen.storyboard;
			sourceTree = "<group>";
		};
/* End PBXVariantGroup section */

/* Begin XCBuildConfiguration section */
		C28D5CE2275611C700020107 /* Debug */ = {
			isa = XCBuildConfiguration;
			buildSettings = {
				ALWAYS_SEARCH_USER_PATHS = NO;
				CLANG_ANALYZER_NONNULL = YES;
				CLANG_ANALYZER_NUMBER_OBJECT_CONVERSION = YES_AGGRESSIVE;
				CLANG_CXX_LANGUAGE_STANDARD = "gnu++17";
				CLANG_CXX_LIBRARY = "libc++";
				CLANG_ENABLE_MODULES = YES;
				CLANG_ENABLE_OBJC_ARC = YES;
				CLANG_ENABLE_OBJC_WEAK = YES;
				CLANG_WARN_BLOCK_CAPTURE_AUTORELEASING = YES;
				CLANG_WARN_BOOL_CONVERSION = YES;
				CLANG_WARN_COMMA = YES;
				CLANG_WARN_CONSTANT_CONVERSION = YES;
				CLANG_WARN_DEPRECATED_OBJC_IMPLEMENTATIONS = YES;
				CLANG_WARN_DIRECT_OBJC_ISA_USAGE = YES_ERROR;
				CLANG_WARN_DOCUMENTATION_COMMENTS = YES;
				CLANG_WARN_EMPTY_BODY = YES;
				CLANG_WARN_ENUM_CONVERSION = YES;
				CLANG_WARN_INFINITE_RECURSION = YES;
				CLANG_WARN_INT_CONVERSION = YES;
				CLANG_WARN_NON_LITERAL_NULL_CONVERSION = YES;
				CLANG_WARN_OBJC_IMPLICIT_RETAIN_SELF = YES;
				CLANG_WARN_OBJC_LITERAL_CONVERSION = YES;
				CLANG_WARN_OBJC_ROOT_CLASS = YES_ERROR;
				CLANG_WARN_QUOTED_INCLUDE_IN_FRAMEWORK_HEADER = YES;
				CLANG_WARN_RANGE_LOOP_ANALYSIS = YES;
				CLANG_WARN_STRICT_PROTOTYPES = YES;
				CLANG_WARN_SUSPICIOUS_MOVE = YES;
				CLANG_WARN_UNGUARDED_AVAILABILITY = YES_AGGRESSIVE;
				CLANG_WARN_UNREACHABLE_CODE = YES;
				CLANG_WARN__DUPLICATE_METHOD_MATCH = YES;
				COPY_PHASE_STRIP = NO;
				DEBUG_INFORMATION_FORMAT = dwarf;
				ENABLE_STRICT_OBJC_MSGSEND = YES;
				ENABLE_TESTABILITY = YES;
				GCC_C_LANGUAGE_STANDARD = gnu11;
				GCC_DYNAMIC_NO_PIC = NO;
				GCC_NO_COMMON_BLOCKS = YES;
				GCC_OPTIMIZATION_LEVEL = 0;
				GCC_PREPROCESSOR_DEFINITIONS = (
					"DEBUG=1",
					"$(inherited)",
				);
				GCC_WARN_64_TO_32_BIT_CONVERSION = YES;
				GCC_WARN_ABOUT_RETURN_TYPE = YES_ERROR;
				GCC_WARN_UNDECLARED_SELECTOR = YES;
				GCC_WARN_UNINITIALIZED_AUTOS = YES_AGGRESSIVE;
				GCC_WARN_UNUSED_FUNCTION = YES;
				GCC_WARN_UNUSED_VARIABLE = YES;
				IPHONEOS_DEPLOYMENT_TARGET = 15.0;
				MTL_ENABLE_DEBUG_INFO = INCLUDE_SOURCE;
				MTL_FAST_MATH = YES;
				ONLY_ACTIVE_ARCH = YES;
				SDKROOT = iphoneos;
				SWIFT_ACTIVE_COMPILATION_CONDITIONS = DEBUG;
				SWIFT_OPTIMIZATION_LEVEL = "-Onone";
			};
			name = Debug;
		};
		C28D5CE3275611C700020107 /* Release */ = {
			isa = XCBuildConfiguration;
			buildSettings = {
				ALWAYS_SEARCH_USER_PATHS = NO;
				CLANG_ANALYZER_NONNULL = YES;
				CLANG_ANALYZER_NUMBER_OBJECT_CONVERSION = YES_AGGRESSIVE;
				CLANG_CXX_LANGUAGE_STANDARD = "gnu++17";
				CLANG_CXX_LIBRARY = "libc++";
				CLANG_ENABLE_MODULES = YES;
				CLANG_ENABLE_OBJC_ARC = YES;
				CLANG_ENABLE_OBJC_WEAK = YES;
				CLANG_WARN_BLOCK_CAPTURE_AUTORELEASING = YES;
				CLANG_WARN_BOOL_CONVERSION = YES;
				CLANG_WARN_COMMA = YES;
				CLANG_WARN_CONSTANT_CONVERSION = YES;
				CLANG_WARN_DEPRECATED_OBJC_IMPLEMENTATIONS = YES;
				CLANG_WARN_DIRECT_OBJC_ISA_USAGE = YES_ERROR;
				CLANG_WARN_DOCUMENTATION_COMMENTS = YES;
				CLANG_WARN_EMPTY_BODY = YES;
				CLANG_WARN_ENUM_CONVERSION = YES;
				CLANG_WARN_INFINITE_RECURSION = YES;
				CLANG_WARN_INT_CONVERSION = YES;
				CLANG_WARN_NON_LITERAL_NULL_CONVERSION = YES;
				CLANG_WARN_OBJC_IMPLICIT_RETAIN_SELF = YES;
				CLANG_WARN_OBJC_LITERAL_CONVERSION = YES;
				CLANG_WARN_OBJC_ROOT_CLASS = YES_ERROR;
				CLANG_WARN_QUOTED_INCLUDE_IN_FRAMEWORK_HEADER = YES;
				CLANG_WARN_RANGE_LOOP_ANALYSIS = YES;
				CLANG_WARN_STRICT_PROTOTYPES = YES;
				CLANG_WARN_SUSPICIOUS_MOVE = YES;
				CLANG_WARN_UNGUARDED_AVAILABILITY = YES_AGGRESSIVE;
				CLANG_WARN_UNREACHABLE_CODE = YES;
				CLANG_WARN__DUPLICATE_METHOD_MATCH = YES;
				COPY_PHASE_STRIP = NO;
				DEBUG_INFORMATION_FORMAT = "dwarf-with-dsym";
				ENABLE_NS_ASSERTIONS = NO;
				ENABLE_STRICT_OBJC_MSGSEND = YES;
				GCC_C_LANGUAGE_STANDARD = gnu11;
				GCC_NO_COMMON_BLOCKS = YES;
				GCC_WARN_64_TO_32_BIT_CONVERSION = YES;
				GCC_WARN_ABOUT_RETURN_TYPE = YES_ERROR;
				GCC_WARN_UNDECLARED_SELECTOR = YES;
				GCC_WARN_UNINITIALIZED_AUTOS = YES_AGGRESSIVE;
				GCC_WARN_UNUSED_FUNCTION = YES;
				GCC_WARN_UNUSED_VARIABLE = YES;
				IPHONEOS_DEPLOYMENT_TARGET = 15.0;
				MTL_ENABLE_DEBUG_INFO = NO;
				MTL_FAST_MATH = YES;
				SDKROOT = iphoneos;
				SWIFT_COMPILATION_MODE = wholemodule;
				SWIFT_OPTIMIZATION_LEVEL = "-O";
				VALIDATE_PRODUCT = YES;
			};
			name = Release;
		};
		C28D5CE5275611C700020107 /* Debug */ = {
			isa = XCBuildConfiguration;
			baseConfigurationReference = 76A09353AD6ECCCDF245B9E3 /* Pods-Universities.debug.xcconfig */;
			buildSettings = {
				ASSETCATALOG_COMPILER_APPICON_NAME = AppIcon;
				ASSETCATALOG_COMPILER_GLOBAL_ACCENT_COLOR_NAME = AccentColor;
				CODE_SIGN_STYLE = Automatic;
				CURRENT_PROJECT_VERSION = 1;
				DEVELOPMENT_TEAM = L4VQRX6KUP;
				GENERATE_INFOPLIST_FILE = YES;
				INFOPLIST_FILE = Universities/Info.plist;
				INFOPLIST_KEY_UIApplicationSupportsIndirectInputEvents = YES;
				INFOPLIST_KEY_UILaunchStoryboardName = LaunchScreen;
				INFOPLIST_KEY_UIMainStoryboardFile = Main;
				INFOPLIST_KEY_UISupportedInterfaceOrientations_iPad = "UIInterfaceOrientationPortrait UIInterfaceOrientationPortraitUpsideDown UIInterfaceOrientationLandscapeLeft UIInterfaceOrientationLandscapeRight";
				INFOPLIST_KEY_UISupportedInterfaceOrientations_iPhone = "UIInterfaceOrientationPortrait UIInterfaceOrientationLandscapeLeft UIInterfaceOrientationLandscapeRight";
				LD_RUNPATH_SEARCH_PATHS = (
					"$(inherited)",
					"@executable_path/Frameworks",
				);
				MARKETING_VERSION = 1.0;
				PRODUCT_BUNDLE_IDENTIFIER = com.sbuinovsky.Universities;
				PRODUCT_NAME = "$(TARGET_NAME)";
				SWIFT_EMIT_LOC_STRINGS = YES;
				SWIFT_VERSION = 5.0;
				TARGETED_DEVICE_FAMILY = "1,2";
			};
			name = Debug;
		};
		C28D5CE6275611C700020107 /* Release */ = {
			isa = XCBuildConfiguration;
			baseConfigurationReference = 2FB6FA6C8B3F87F6B7123E21 /* Pods-Universities.release.xcconfig */;
			buildSettings = {
				ASSETCATALOG_COMPILER_APPICON_NAME = AppIcon;
				ASSETCATALOG_COMPILER_GLOBAL_ACCENT_COLOR_NAME = AccentColor;
				CODE_SIGN_STYLE = Automatic;
				CURRENT_PROJECT_VERSION = 1;
				DEVELOPMENT_TEAM = L4VQRX6KUP;
				GENERATE_INFOPLIST_FILE = YES;
				INFOPLIST_FILE = Universities/Info.plist;
				INFOPLIST_KEY_UIApplicationSupportsIndirectInputEvents = YES;
				INFOPLIST_KEY_UILaunchStoryboardName = LaunchScreen;
				INFOPLIST_KEY_UIMainStoryboardFile = Main;
				INFOPLIST_KEY_UISupportedInterfaceOrientations_iPad = "UIInterfaceOrientationPortrait UIInterfaceOrientationPortraitUpsideDown UIInterfaceOrientationLandscapeLeft UIInterfaceOrientationLandscapeRight";
				INFOPLIST_KEY_UISupportedInterfaceOrientations_iPhone = "UIInterfaceOrientationPortrait UIInterfaceOrientationLandscapeLeft UIInterfaceOrientationLandscapeRight";
				LD_RUNPATH_SEARCH_PATHS = (
					"$(inherited)",
					"@executable_path/Frameworks",
				);
				MARKETING_VERSION = 1.0;
				PRODUCT_BUNDLE_IDENTIFIER = com.sbuinovsky.Universities;
				PRODUCT_NAME = "$(TARGET_NAME)";
				SWIFT_EMIT_LOC_STRINGS = YES;
				SWIFT_VERSION = 5.0;
				TARGETED_DEVICE_FAMILY = "1,2";
			};
			name = Release;
		};
/* End XCBuildConfiguration section */

/* Begin XCConfigurationList section */
		C28D5CCB275611C600020107 /* Build configuration list for PBXProject "Universities" */ = {
			isa = XCConfigurationList;
			buildConfigurations = (
				C28D5CE2275611C700020107 /* Debug */,
				C28D5CE3275611C700020107 /* Release */,
			);
			defaultConfigurationIsVisible = 0;
			defaultConfigurationName = Release;
		};
		C28D5CE4275611C700020107 /* Build configuration list for PBXNativeTarget "Universities" */ = {
			isa = XCConfigurationList;
			buildConfigurations = (
				C28D5CE5275611C700020107 /* Debug */,
				C28D5CE6275611C700020107 /* Release */,
			);
			defaultConfigurationIsVisible = 0;
			defaultConfigurationName = Release;
		};
/* End XCConfigurationList section */
	};
	rootObject = C28D5CC8275611C600020107 /* Project object */;
}
